
Microsoft Visual Studio Solution File, Format Version 12.00
# Visual Studio 2013
VisualStudioVersion = 12.0.30723.0
MinimumVisualStudioVersion = 10.0.40219.1
Project("{FAE04EC0-301F-11D3-BF4B-00C04F79EFBC}") = "ClassesAndObjects-StudentCourses", "ClassesAndObjects-StudentCourses\ClassesAndObjects-StudentCourses.csproj", "{0E10F56C-95D2-4BBE-A931-2BB61D752CEA}"
EndProject
Global
	GlobalSection(SolutionConfigurationPlatforms) = preSolution
		Debug|Any CPU = Debug|Any CPU
		Release|Any CPU = Release|Any CPU
	EndGlobalSection
	GlobalSection(ProjectConfigurationPlatforms) = postSolution
		{0E10F56C-95D2-4BBE-A931-2BB61D752CEA}.Debug|Any CPU.ActiveCfg = Debug|Any CPU
		{0E10F56C-95D2-4BBE-A931-2BB61D752CEA}.Debug|Any CPU.Build.0 = Debug|Any CPU
		{0E10F56C-95D2-4BBE-A931-2BB61D752CEA}.Release|Any CPU.ActiveCfg = Release|Any CPU
		{0E10F56C-95D2-4BBE-A931-2BB61D752CEA}.Release|Any CPU.Build.0 = Release|Any CPU
	EndGlobalSection
	GlobalSection(SolutionProperties) = preSolution
		HideSolutionNode = FALSE
	EndGlobalSection
EndGlobal
